
Microsoft Visual Studio Solution File, Format Version 12.00
# Visual Studio Version 17
VisualStudioVersion = 17.9.34622.214
MinimumVisualStudioVersion = 10.0.40219.1
Project("{FAE04EC0-301F-11D3-BF4B-00C04F79EFBC}") = "ASPNETMVCWebApp", "ASPNETMVCWebApp\ASPNETMVCWebApp.csproj", "{1D2FFFA3-1F09-499C-A70A-CD935EFB2F02}"
EndProject
Project("{FAE04EC0-301F-11D3-BF4B-00C04F79EFBC}") = "Infrastructure", "Infrastructure\Infrastructure.csproj", "{72070D8A-3B72-4B91-8982-0535E05DFA75}"
EndProject
Global
	GlobalSection(SolutionConfigurationPlatforms) = preSolution
		Debug|Any CPU = Debug|Any CPU
		Release|Any CPU = Release|Any CPU
	EndGlobalSection
	GlobalSection(ProjectConfigurationPlatforms) = postSolution
		{1D2FFFA3-1F09-499C-A70A-CD935EFB2F02}.Debug|Any CPU.ActiveCfg = Debug|Any CPU
		{1D2FFFA3-1F09-499C-A70A-CD935EFB2F02}.Debug|Any CPU.Build.0 = Debug|Any CPU
		{1D2FFFA3-1F09-499C-A70A-CD935EFB2F02}.Release|Any CPU.ActiveCfg = Release|Any CPU
		{1D2FFFA3-1F09-499C-A70A-CD935EFB2F02}.Release|Any CPU.Build.0 = Release|Any CPU
		{72070D8A-3B72-4B91-8982-0535E05DFA75}.Debug|Any CPU.ActiveCfg = Debug|Any CPU
		{72070D8A-3B72-4B91-8982-0535E05DFA75}.Debug|Any CPU.Build.0 = Debug|Any CPU
		{72070D8A-3B72-4B91-8982-0535E05DFA75}.Release|Any CPU.ActiveCfg = Release|Any CPU
		{72070D8A-3B72-4B91-8982-0535E05DFA75}.Release|Any CPU.Build.0 = Release|Any CPU
	EndGlobalSection
	GlobalSection(SolutionProperties) = preSolution
		HideSolutionNode = FALSE
	EndGlobalSection
	GlobalSection(ExtensibilityGlobals) = postSolution
		SolutionGuid = {F644C087-2F63-4896-AA99-3EF1406C470A}
	EndGlobalSection
EndGlobal
